
Microsoft Visual Studio Solution File, Format Version 12.00
# Visual Studio 2013
VisualStudioVersion = 12.0.30723.0
MinimumVisualStudioVersion = 10.0.40219.1
Project("{FAE04EC0-301F-11D3-BF4B-00C04F79EFBC}") = "IoCTestData", "IoCTestData\IoCTestData.csproj", "{5F184590-763D-4417-BA29-8B566312FD15}"
EndProject
Project("{FAE04EC0-301F-11D3-BF4B-00C04F79EFBC}") = "UnityTest", "UnityTest\UnityTest.csproj", "{C240A47E-F7BF-41AF-B0FC-B5752E351EB6}"
EndProject
Project("{FAE04EC0-301F-11D3-BF4B-00C04F79EFBC}") = "CastleWindsorTest", "CastleWindsorTest\CastleWindsorTest.csproj", "{03C84E3B-46D5-4C63-8A10-CC2FA587F736}"
EndProject
Project("{FAE04EC0-301F-11D3-BF4B-00C04F79EFBC}") = "AutofacTest", "AutofacTest\AutofacTest.csproj", "{DCA8F5A4-C6AE-48B4-A379-96AFBF12D285}"
EndProject
Project("{2150E333-8FDC-42A3-9474-1A3956D46DE8}") = "Containers", "Containers", "{5CF2D397-80BA-4DD3-BC27-8969E778081E}"
EndProject
Project("{FAE04EC0-301F-11D3-BF4B-00C04F79EFBC}") = "TestAll", "TestAll\TestAll.csproj", "{9E6B61AE-B11B-4334-99F8-2E8E50481A30}"
	ProjectSection(ProjectDependencies) = postProject
		{A7FBA871-80A5-4E64-8C22-7C7355389547} = {A7FBA871-80A5-4E64-8C22-7C7355389547}
	EndProjectSection
EndProject
Project("{FAE04EC0-301F-11D3-BF4B-00C04F79EFBC}") = "DynamoTest", "DynamoTest\DynamoTest.csproj", "{A7FBA871-80A5-4E64-8C22-7C7355389547}"
EndProject
Project("{FAE04EC0-301F-11D3-BF4B-00C04F79EFBC}") = "StructureMapTest", "StructureMapTest\StructureMapTest.csproj", "{0BCEE04F-558D-4673-9E37-9A0530B74EEC}"
EndProject
Project("{FAE04EC0-301F-11D3-BF4B-00C04F79EFBC}") = "SimpleInjectorTest", "SimpleInjectorTest\SimpleInjectorTest.csproj", "{9E4707B8-DCBB-4F36-BD9F-7A0A676A72F7}"
EndProject
Project("{FAE04EC0-301F-11D3-BF4B-00C04F79EFBC}") = "NinjectTest", "NinjectTest\NinjectTest.csproj", "{5FEAF1D7-CD41-449F-9C25-B4E0E196D14A}"
EndProject
Project("{FAE04EC0-301F-11D3-BF4B-00C04F79EFBC}") = "HiroTest", "HiroTest\HiroTest.csproj", "{DA16045F-96E8-4E4B-AC51-D165CE507036}"
EndProject
Global
	GlobalSection(SolutionConfigurationPlatforms) = preSolution
		Debug|Any CPU = Debug|Any CPU
		Release|Any CPU = Release|Any CPU
	EndGlobalSection
	GlobalSection(ProjectConfigurationPlatforms) = postSolution
		{5F184590-763D-4417-BA29-8B566312FD15}.Debug|Any CPU.ActiveCfg = Debug|Any CPU
		{5F184590-763D-4417-BA29-8B566312FD15}.Debug|Any CPU.Build.0 = Debug|Any CPU
		{5F184590-763D-4417-BA29-8B566312FD15}.Release|Any CPU.ActiveCfg = Release|Any CPU
		{5F184590-763D-4417-BA29-8B566312FD15}.Release|Any CPU.Build.0 = Release|Any CPU
		{C240A47E-F7BF-41AF-B0FC-B5752E351EB6}.Debug|Any CPU.ActiveCfg = Debug|Any CPU
		{C240A47E-F7BF-41AF-B0FC-B5752E351EB6}.Debug|Any CPU.Build.0 = Debug|Any CPU
		{C240A47E-F7BF-41AF-B0FC-B5752E351EB6}.Release|Any CPU.ActiveCfg = Release|Any CPU
		{C240A47E-F7BF-41AF-B0FC-B5752E351EB6}.Release|Any CPU.Build.0 = Release|Any CPU
		{03C84E3B-46D5-4C63-8A10-CC2FA587F736}.Debug|Any CPU.ActiveCfg = Debug|Any CPU
		{03C84E3B-46D5-4C63-8A10-CC2FA587F736}.Debug|Any CPU.Build.0 = Debug|Any CPU
		{03C84E3B-46D5-4C63-8A10-CC2FA587F736}.Release|Any CPU.ActiveCfg = Release|Any CPU
		{03C84E3B-46D5-4C63-8A10-CC2FA587F736}.Release|Any CPU.Build.0 = Release|Any CPU
		{DCA8F5A4-C6AE-48B4-A379-96AFBF12D285}.Debug|Any CPU.ActiveCfg = Debug|Any CPU
		{DCA8F5A4-C6AE-48B4-A379-96AFBF12D285}.Debug|Any CPU.Build.0 = Debug|Any CPU
		{DCA8F5A4-C6AE-48B4-A379-96AFBF12D285}.Release|Any CPU.ActiveCfg = Release|Any CPU
		{DCA8F5A4-C6AE-48B4-A379-96AFBF12D285}.Release|Any CPU.Build.0 = Release|Any CPU
		{9E6B61AE-B11B-4334-99F8-2E8E50481A30}.Debug|Any CPU.ActiveCfg = Debug|Any CPU
		{9E6B61AE-B11B-4334-99F8-2E8E50481A30}.Debug|Any CPU.Build.0 = Debug|Any CPU
		{9E6B61AE-B11B-4334-99F8-2E8E50481A30}.Release|Any CPU.ActiveCfg = Release|Any CPU
		{9E6B61AE-B11B-4334-99F8-2E8E50481A30}.Release|Any CPU.Build.0 = Release|Any CPU
		{A7FBA871-80A5-4E64-8C22-7C7355389547}.Debug|Any CPU.ActiveCfg = Debug|Any CPU
		{A7FBA871-80A5-4E64-8C22-7C7355389547}.Debug|Any CPU.Build.0 = Debug|Any CPU
		{A7FBA871-80A5-4E64-8C22-7C7355389547}.Release|Any CPU.ActiveCfg = Release|Any CPU
		{A7FBA871-80A5-4E64-8C22-7C7355389547}.Release|Any CPU.Build.0 = Release|Any CPU
		{0BCEE04F-558D-4673-9E37-9A0530B74EEC}.Debug|Any CPU.ActiveCfg = Debug|Any CPU
		{0BCEE04F-558D-4673-9E37-9A0530B74EEC}.Debug|Any CPU.Build.0 = Debug|Any CPU
		{0BCEE04F-558D-4673-9E37-9A0530B74EEC}.Release|Any CPU.ActiveCfg = Release|Any CPU
		{0BCEE04F-558D-4673-9E37-9A0530B74EEC}.Release|Any CPU.Build.0 = Release|Any CPU
		{9E4707B8-DCBB-4F36-BD9F-7A0A676A72F7}.Debug|Any CPU.ActiveCfg = Debug|Any CPU
		{9E4707B8-DCBB-4F36-BD9F-7A0A676A72F7}.Debug|Any CPU.Build.0 = Debug|Any CPU
		{9E4707B8-DCBB-4F36-BD9F-7A0A676A72F7}.Release|Any CPU.ActiveCfg = Release|Any CPU
		{9E4707B8-DCBB-4F36-BD9F-7A0A676A72F7}.Release|Any CPU.Build.0 = Release|Any CPU
		{5FEAF1D7-CD41-449F-9C25-B4E0E196D14A}.Debug|Any CPU.ActiveCfg = Debug|Any CPU
		{5FEAF1D7-CD41-449F-9C25-B4E0E196D14A}.Debug|Any CPU.Build.0 = Debug|Any CPU
		{5FEAF1D7-CD41-449F-9C25-B4E0E196D14A}.Release|Any CPU.ActiveCfg = Release|Any CPU
		{5FEAF1D7-CD41-449F-9C25-B4E0E196D14A}.Release|Any CPU.Build.0 = Release|Any CPU
		{DA16045F-96E8-4E4B-AC51-D165CE507036}.Debug|Any CPU.ActiveCfg = Debug|Any CPU
		{DA16045F-96E8-4E4B-AC51-D165CE507036}.Debug|Any CPU.Build.0 = Debug|Any CPU
		{DA16045F-96E8-4E4B-AC51-D165CE507036}.Release|Any CPU.ActiveCfg = Release|Any CPU
		{DA16045F-96E8-4E4B-AC51-D165CE507036}.Release|Any CPU.Build.0 = Release|Any CPU
	EndGlobalSection
	GlobalSection(SolutionProperties) = preSolution
		HideSolutionNode = FALSE
	EndGlobalSection
	GlobalSection(NestedProjects) = preSolution
		{C240A47E-F7BF-41AF-B0FC-B5752E351EB6} = {5CF2D397-80BA-4DD3-BC27-8969E778081E}
		{03C84E3B-46D5-4C63-8A10-CC2FA587F736} = {5CF2D397-80BA-4DD3-BC27-8969E778081E}
		{DCA8F5A4-C6AE-48B4-A379-96AFBF12D285} = {5CF2D397-80BA-4DD3-BC27-8969E778081E}
		{A7FBA871-80A5-4E64-8C22-7C7355389547} = {5CF2D397-80BA-4DD3-BC27-8969E778081E}
		{0BCEE04F-558D-4673-9E37-9A0530B74EEC} = {5CF2D397-80BA-4DD3-BC27-8969E778081E}
		{9E4707B8-DCBB-4F36-BD9F-7A0A676A72F7} = {5CF2D397-80BA-4DD3-BC27-8969E778081E}
		{5FEAF1D7-CD41-449F-9C25-B4E0E196D14A} = {5CF2D397-80BA-4DD3-BC27-8969E778081E}
		{DA16045F-96E8-4E4B-AC51-D165CE507036} = {5CF2D397-80BA-4DD3-BC27-8969E778081E}
	EndGlobalSection
EndGlobal
